
Microsoft Visual Studio Solution File, Format Version 12.00
# Visual Studio 14
VisualStudioVersion = 14.0.25420.1
MinimumVisualStudioVersion = 10.0.40219.1
Project("{2150E333-8FDC-42A3-9474-1A3956D46DE8}") = "client", "client", "{AD8FA531-42C2-49BD-80A8-F7F7DC47A7F8}"
EndProject
Project("{2150E333-8FDC-42A3-9474-1A3956D46DE8}") = "server", "server", "{9054597F-3532-4438-810D-91B0368C5CBC}"
EndProject
Project("{2150E333-8FDC-42A3-9474-1A3956D46DE8}") = "contract", "contract", "{BF03363B-10F6-4E96-9FFD-9994E23E33D1}"
EndProject
Project("{FAE04EC0-301F-11D3-BF4B-00C04F79EFBC}") = "Logging.Client", "client\csharp\Logging.Client\Logging.Client.csproj", "{99B33ED8-E7E2-4447-97EF-EE27AFD22B50}"
EndProject
Project("{FAE04EC0-301F-11D3-BF4B-00C04F79EFBC}") = "Logging.Client.TestSite", "client\csharp\Logging.Client.TestSite\Logging.Client.TestSite.csproj", "{75D2F2FB-2E14-411D-831D-F47F167CC21D}"
EndProject
Project("{FAE04EC0-301F-11D3-BF4B-00C04F79EFBC}") = "Logging.ThriftContract", "contract\Logging.ThriftContract\Logging.ThriftContract.csproj", "{9CF113F2-C0A6-4267-8878-1FADEAB1A5BA}"
EndProject
Project("{FAE04EC0-301F-11D3-BF4B-00C04F79EFBC}") = "Thrift", "contract\Thrift\Thrift.csproj", "{04581F78-BC60-49C0-B279-72E525174F0C}"
EndProject
Project("{FAE04EC0-301F-11D3-BF4B-00C04F79EFBC}") = "Logging.Server", "server\Logging.Server\Logging.Server.csproj", "{C53C8137-4145-4853-87F8-A47CCCFBB24B}"
EndProject
Project("{FAE04EC0-301F-11D3-BF4B-00C04F79EFBC}") = "Logging.Server.Site", "server\Logging.Server.Site\Logging.Server.Site.csproj", "{D907B9FC-B7BC-4F2C-A4BC-60BF0E982273}"
EndProject
Project("{FAE04EC0-301F-11D3-BF4B-00C04F79EFBC}") = "Logging.Server.Web", "server\Logging.Server.Web\Logging.Server.Web.csproj", "{8FF298A1-4C9D-42FA-A840-81F6E290D184}"
EndProject
Global
	GlobalSection(SolutionConfigurationPlatforms) = preSolution
		Debug|Any CPU = Debug|Any CPU
		Release|Any CPU = Release|Any CPU
	EndGlobalSection
	GlobalSection(ProjectConfigurationPlatforms) = postSolution
		{99B33ED8-E7E2-4447-97EF-EE27AFD22B50}.Debug|Any CPU.ActiveCfg = Debug|Any CPU
		{99B33ED8-E7E2-4447-97EF-EE27AFD22B50}.Debug|Any CPU.Build.0 = Debug|Any CPU
		{99B33ED8-E7E2-4447-97EF-EE27AFD22B50}.Release|Any CPU.ActiveCfg = Release|Any CPU
		{99B33ED8-E7E2-4447-97EF-EE27AFD22B50}.Release|Any CPU.Build.0 = Release|Any CPU
		{75D2F2FB-2E14-411D-831D-F47F167CC21D}.Debug|Any CPU.ActiveCfg = Debug|Any CPU
		{75D2F2FB-2E14-411D-831D-F47F167CC21D}.Debug|Any CPU.Build.0 = Debug|Any CPU
		{75D2F2FB-2E14-411D-831D-F47F167CC21D}.Release|Any CPU.ActiveCfg = Release|Any CPU
		{75D2F2FB-2E14-411D-831D-F47F167CC21D}.Release|Any CPU.Build.0 = Release|Any CPU
		{9CF113F2-C0A6-4267-8878-1FADEAB1A5BA}.Debug|Any CPU.ActiveCfg = Debug|Any CPU
		{9CF113F2-C0A6-4267-8878-1FADEAB1A5BA}.Debug|Any CPU.Build.0 = Debug|Any CPU
		{9CF113F2-C0A6-4267-8878-1FADEAB1A5BA}.Release|Any CPU.ActiveCfg = Release|Any CPU
		{9CF113F2-C0A6-4267-8878-1FADEAB1A5BA}.Release|Any CPU.Build.0 = Release|Any CPU
		{04581F78-BC60-49C0-B279-72E525174F0C}.Debug|Any CPU.ActiveCfg = Debug|Any CPU
		{04581F78-BC60-49C0-B279-72E525174F0C}.Debug|Any CPU.Build.0 = Debug|Any CPU
		{04581F78-BC60-49C0-B279-72E525174F0C}.Release|Any CPU.ActiveCfg = Release|Any CPU
		{04581F78-BC60-49C0-B279-72E525174F0C}.Release|Any CPU.Build.0 = Release|Any CPU
		{C53C8137-4145-4853-87F8-A47CCCFBB24B}.Debug|Any CPU.ActiveCfg = Debug|Any CPU
		{C53C8137-4145-4853-87F8-A47CCCFBB24B}.Debug|Any CPU.Build.0 = Debug|Any CPU
		{C53C8137-4145-4853-87F8-A47CCCFBB24B}.Release|Any CPU.ActiveCfg = Release|Any CPU
		{C53C8137-4145-4853-87F8-A47CCCFBB24B}.Release|Any CPU.Build.0 = Release|Any CPU
		{D907B9FC-B7BC-4F2C-A4BC-60BF0E982273}.Debug|Any CPU.ActiveCfg = Debug|Any CPU
		{D907B9FC-B7BC-4F2C-A4BC-60BF0E982273}.Debug|Any CPU.Build.0 = Debug|Any CPU
		{D907B9FC-B7BC-4F2C-A4BC-60BF0E982273}.Release|Any CPU.ActiveCfg = Release|Any CPU
		{D907B9FC-B7BC-4F2C-A4BC-60BF0E982273}.Release|Any CPU.Build.0 = Release|Any CPU
		{8FF298A1-4C9D-42FA-A840-81F6E290D184}.Debug|Any CPU.ActiveCfg = Debug|Any CPU
		{8FF298A1-4C9D-42FA-A840-81F6E290D184}.Debug|Any CPU.Build.0 = Debug|Any CPU
		{8FF298A1-4C9D-42FA-A840-81F6E290D184}.Release|Any CPU.ActiveCfg = Release|Any CPU
		{8FF298A1-4C9D-42FA-A840-81F6E290D184}.Release|Any CPU.Build.0 = Release|Any CPU
	EndGlobalSection
	GlobalSection(SolutionProperties) = preSolution
		HideSolutionNode = FALSE
	EndGlobalSection
	GlobalSection(NestedProjects) = preSolution
		{99B33ED8-E7E2-4447-97EF-EE27AFD22B50} = {AD8FA531-42C2-49BD-80A8-F7F7DC47A7F8}
		{75D2F2FB-2E14-411D-831D-F47F167CC21D} = {AD8FA531-42C2-49BD-80A8-F7F7DC47A7F8}
		{9CF113F2-C0A6-4267-8878-1FADEAB1A5BA} = {BF03363B-10F6-4E96-9FFD-9994E23E33D1}
		{04581F78-BC60-49C0-B279-72E525174F0C} = {BF03363B-10F6-4E96-9FFD-9994E23E33D1}
		{C53C8137-4145-4853-87F8-A47CCCFBB24B} = {9054597F-3532-4438-810D-91B0368C5CBC}
		{D907B9FC-B7BC-4F2C-A4BC-60BF0E982273} = {9054597F-3532-4438-810D-91B0368C5CBC}
		{8FF298A1-4C9D-42FA-A840-81F6E290D184} = {9054597F-3532-4438-810D-91B0368C5CBC}
	EndGlobalSection
EndGlobal
